
Microsoft Visual Studio Solution File, Format Version 12.00
# Visual Studio Version 17
VisualStudioVersion = 17.9.34714.143
MinimumVisualStudioVersion = 10.0.40219.1
Project("{9A19103F-16F7-4668-BE54-9A1E7A4F7556}") = "Inventory-Hub.WebApp", "Inventory-Hub.WebApp.csproj", "{8C8AB53E-6F64-4DF4-85FB-93FF687B5487}"
EndProject
Project("{9A19103F-16F7-4668-BE54-9A1E7A4F7556}") = "Inventory-Hub.UseCases", "..\inventory-hub.UseCases\Inventory-Hub.UseCases.csproj", "{FAF4B5A9-6E77-41A6-9134-43396BF3BB16}"
EndProject
Project("{9A19103F-16F7-4668-BE54-9A1E7A4F7556}") = "Inventory-Hub.CoreBusiness", "..\Inventory-Hub.CoreBusiness\Inventory-Hub.CoreBusiness.csproj", "{89D54FF9-07F1-400A-BD0D-B84C58BED7E6}"
EndProject
Project("{2150E333-8FDC-42A3-9474-1A3956D46DE8}") = "Inventory-Hub.Plugins", "Inventory-Hub.Plugins", "{95A63C14-0222-4AFF-922D-1E71B71DCB0D}"
EndProject
Project("{FAE04EC0-301F-11D3-BF4B-00C04F79EFBC}") = "Inventory-Hub.Plugins.InMemory", "..\Inventory-Hub.Plugins\Inventory-Hub.Plugins.InMemory\Inventory-Hub.Plugins.InMemory.csproj", "{29533729-4502-4A55-B016-F32EDED5023E}"
EndProject
Global
	GlobalSection(SolutionConfigurationPlatforms) = preSolution
		Debug|Any CPU = Debug|Any CPU
		Release|Any CPU = Release|Any CPU
	EndGlobalSection
	GlobalSection(ProjectConfigurationPlatforms) = postSolution
		{8C8AB53E-6F64-4DF4-85FB-93FF687B5487}.Debug|Any CPU.ActiveCfg = Debug|Any CPU
		{8C8AB53E-6F64-4DF4-85FB-93FF687B5487}.Debug|Any CPU.Build.0 = Debug|Any CPU
		{8C8AB53E-6F64-4DF4-85FB-93FF687B5487}.Release|Any CPU.ActiveCfg = Release|Any CPU
		{8C8AB53E-6F64-4DF4-85FB-93FF687B5487}.Release|Any CPU.Build.0 = Release|Any CPU
		{FAF4B5A9-6E77-41A6-9134-43396BF3BB16}.Debug|Any CPU.ActiveCfg = Debug|Any CPU
		{FAF4B5A9-6E77-41A6-9134-43396BF3BB16}.Debug|Any CPU.Build.0 = Debug|Any CPU
		{FAF4B5A9-6E77-41A6-9134-43396BF3BB16}.Release|Any CPU.ActiveCfg = Release|Any CPU
		{FAF4B5A9-6E77-41A6-9134-43396BF3BB16}.Release|Any CPU.Build.0 = Release|Any CPU
		{89D54FF9-07F1-400A-BD0D-B84C58BED7E6}.Debug|Any CPU.ActiveCfg = Debug|Any CPU
		{89D54FF9-07F1-400A-BD0D-B84C58BED7E6}.Debug|Any CPU.Build.0 = Debug|Any CPU
		{89D54FF9-07F1-400A-BD0D-B84C58BED7E6}.Release|Any CPU.ActiveCfg = Release|Any CPU
		{89D54FF9-07F1-400A-BD0D-B84C58BED7E6}.Release|Any CPU.Build.0 = Release|Any CPU
		{29533729-4502-4A55-B016-F32EDED5023E}.Debug|Any CPU.ActiveCfg = Debug|Any CPU
		{29533729-4502-4A55-B016-F32EDED5023E}.Debug|Any CPU.Build.0 = Debug|Any CPU
		{29533729-4502-4A55-B016-F32EDED5023E}.Release|Any CPU.ActiveCfg = Release|Any CPU
		{29533729-4502-4A55-B016-F32EDED5023E}.Release|Any CPU.Build.0 = Release|Any CPU
	EndGlobalSection
	GlobalSection(SolutionProperties) = preSolution
		HideSolutionNode = FALSE
	EndGlobalSection
	GlobalSection(NestedProjects) = preSolution
		{29533729-4502-4A55-B016-F32EDED5023E} = {95A63C14-0222-4AFF-922D-1E71B71DCB0D}
	EndGlobalSection
	GlobalSection(ExtensibilityGlobals) = postSolution
		SolutionGuid = {959E8E55-BC57-4F10-8CF6-818EA51E409B}
	EndGlobalSection
EndGlobal
